{
  "nodes": {
    "fenix": {
      "inputs": {
        "nixpkgs": [
          "nixpkgs"
        ],
        "rust-analyzer-src": "rust-analyzer-src"
      },
      "locked": {
        "lastModified": 1629685468,
        "narHash": "sha256-NJUiIZlIl3VadVR7Horn2M++YtZbZJAe/wJtEm+0K8M=",
        "owner": "nix-community",
        "repo": "fenix",
        "rev": "f2449b21b6bab91eda097e86dc5703dcd67baf4e",
        "type": "github"
      },
      "original": {
        "owner": "nix-community",
        "repo": "fenix",
        "type": "github"
      }
    },
    "flake-utils": {
      "locked": {
        "lastModified": 1629481132,
        "narHash": "sha256-JHgasjPR0/J1J3DRm4KxM4zTyAj4IOJY8vIl75v/kPI=",
        "owner": "numtide",
        "repo": "flake-utils",
        "rev": "997f7efcb746a9c140ce1f13c72263189225f482",
        "type": "github"
      },
      "original": {
        "owner": "numtide",
        "repo": "flake-utils",
        "type": "github"
      }
    },
    "naersk": {
      "inputs": {
        "nixpkgs": [
          "nixpkgs"
        ]
      },
      "locked": {
        "lastModified": 1636103400,
        "narHash": "sha256-6DRg/0P9oT5I/V02sloqGVHf8F6f+7DFoBZNPdr+hOI=",
        "owner": "nix-community",
        "repo": "naersk",
        "rev": "074d81b1a45145f076b2adf93184073fc9615397",
        "type": "github"
      },
      "original": {
        "owner": "nix-community",
        "repo": "naersk",
        "type": "github"
      }
    },
    "nixpkgs": {
      "locked": {
        "lastModified": 1629379651,
        "narHash": "sha256-k4WWTLqz3tYvCCVt9ANm3Ac7qR/qXi1Uk6Xf9RXO8VM=",
        "owner": "NixOS",
        "repo": "nixpkgs",
        "rev": "14b0f20fa1f56438b74100513c9b1f7c072cf789",
        "type": "github"
      },
      "original": {
        "owner": "NixOS",
        "ref": "nixpkgs-unstable",
        "repo": "nixpkgs",
        "type": "github"
      }
    },
    "root": {
      "inputs": {
        "fenix": "fenix",
        "flake-utils": "flake-utils",
        "naersk": "naersk",
        "nixpkgs": "nixpkgs"
      }
    },
    "rust-analyzer-src": {
      "flake": false,
      "locked": {
        "lastModified": 1629648648,
        "narHash": "sha256-6Tbgy77Essi3Hyd5kdJ7JJbx7RuFZQWURfRrpScvPPQ=",
        "owner": "rust-analyzer",
        "repo": "rust-analyzer",
        "rev": "996300f4a061e895a339a909fddce94f68ce7d19",
        "type": "github"
      },
      "original": {
        "owner": "rust-analyzer",
        "ref": "nightly",
        "repo": "rust-analyzer",
        "type": "github"
      }
    }
  },
  "root": "root",
  "version": 7
}
